
Microsoft Visual Studio Solution File, Format Version 12.00
# Visual Studio Version 17
VisualStudioVersion = 17.3.32929.385
MinimumVisualStudioVersion = 10.0.40219.1
Project("{FAE04EC0-301F-11D3-BF4B-00C04F79EFBC}") = "Matrix", "Matrix.csproj", "{E90E4430-F59C-4A6A-A115-5A9B37BA764D}"
EndProject
Global
	GlobalSection(SolutionConfigurationPlatforms) = preSolution
		Debug|Any CPU = Debug|Any CPU
		Release|Any CPU = Release|Any CPU
	EndGlobalSection
	GlobalSection(ProjectConfigurationPlatforms) = postSolution
		{E90E4430-F59C-4A6A-A115-5A9B37BA764D}.Debug|Any CPU.ActiveCfg = Debug|Any CPU
		{E90E4430-F59C-4A6A-A115-5A9B37BA764D}.Debug|Any CPU.Build.0 = Debug|Any CPU
		{E90E4430-F59C-4A6A-A115-5A9B37BA764D}.Release|Any CPU.ActiveCfg = Release|Any CPU
		{E90E4430-F59C-4A6A-A115-5A9B37BA764D}.Release|Any CPU.Build.0 = Release|Any CPU
	EndGlobalSection
	GlobalSection(SolutionProperties) = preSolution
		HideSolutionNode = FALSE
	EndGlobalSection
	GlobalSection(ExtensibilityGlobals) = postSolution
		SolutionGuid = {B31FA3A7-5603-4F37-BC5F-A35F8C4BAA67}
	EndGlobalSection
EndGlobal
